
Microsoft Visual Studio Solution File, Format Version 12.00
# Visual Studio Version 16
VisualStudioVersion = 16.0.33130.400
MinimumVisualStudioVersion = 10.0.40219.1
Project("{8BC9CEB8-8B4A-11D0-8D11-00A0C91BC942}") = "SimpleCollision", "SimpleCollision\SimpleCollision.vcxproj", "{976674B5-FF84-4BBC-B0D9-67747485C09C}"
EndProject
Global
	GlobalSection(SolutionConfigurationPlatforms) = preSolution
		Debug|x64 = Debug|x64
		Debug|x86 = Debug|x86
		Release|x64 = Release|x64
		Release|x86 = Release|x86
	EndGlobalSection
	GlobalSection(ProjectConfigurationPlatforms) = postSolution
		{976674B5-FF84-4BBC-B0D9-67747485C09C}.Debug|x64.ActiveCfg = Debug|x64
		{976674B5-FF84-4BBC-B0D9-67747485C09C}.Debug|x64.Build.0 = Debug|x64
		{976674B5-FF84-4BBC-B0D9-67747485C09C}.Debug|x86.ActiveCfg = Debug|Win32
		{976674B5-FF84-4BBC-B0D9-67747485C09C}.Debug|x86.Build.0 = Debug|Win32
		{976674B5-FF84-4BBC-B0D9-67747485C09C}.Release|x64.ActiveCfg = Release|x64
		{976674B5-FF84-4BBC-B0D9-67747485C09C}.Release|x64.Build.0 = Release|x64
		{976674B5-FF84-4BBC-B0D9-67747485C09C}.Release|x86.ActiveCfg = Release|Win32
		{976674B5-FF84-4BBC-B0D9-67747485C09C}.Release|x86.Build.0 = Release|Win32
	EndGlobalSection
	GlobalSection(SolutionProperties) = preSolution
		HideSolutionNode = FALSE
	EndGlobalSection
	GlobalSection(ExtensibilityGlobals) = postSolution
		SolutionGuid = {0A94837E-853F-45F9-8845-0718EB5D9FAD}
	EndGlobalSection
EndGlobal
